
Microsoft Visual Studio Solution File, Format Version 12.00
# Visual Studio 15
VisualStudioVersion = 15.0.28307.852
MinimumVisualStudioVersion = 10.0.40219.1
Project("{FAE04EC0-301F-11D3-BF4B-00C04F79EFBC}") = "FichadaBinser.Android", "FichadaBinser\FichadaBinser.Android\FichadaBinser.Android.csproj", "{9C013C6E-F3C0-43FB-A03D-C397F5FD439A}"
EndProject
Project("{FAE04EC0-301F-11D3-BF4B-00C04F79EFBC}") = "FichadaBinser.iOS", "FichadaBinser\FichadaBinser.iOS\FichadaBinser.iOS.csproj", "{D2465117-F289-4CE2-BA57-39E82E9753EA}"
EndProject
Project("{FAE04EC0-301F-11D3-BF4B-00C04F79EFBC}") = "FichadaBinser", "FichadaBinser\FichadaBinser\FichadaBinser.csproj", "{66EBE474-C09E-4FD3-A749-F362ADC5D589}"
EndProject
Global
	GlobalSection(SolutionConfigurationPlatforms) = preSolution
		Ad-Hoc|Any CPU = Ad-Hoc|Any CPU
		Ad-Hoc|iPhone = Ad-Hoc|iPhone
		Ad-Hoc|iPhoneSimulator = Ad-Hoc|iPhoneSimulator
		AppStore|Any CPU = AppStore|Any CPU
		AppStore|iPhone = AppStore|iPhone
		AppStore|iPhoneSimulator = AppStore|iPhoneSimulator
		Debug|Any CPU = Debug|Any CPU
		Debug|iPhone = Debug|iPhone
		Debug|iPhoneSimulator = Debug|iPhoneSimulator
		Release|Any CPU = Release|Any CPU
		Release|iPhone = Release|iPhone
		Release|iPhoneSimulator = Release|iPhoneSimulator
	EndGlobalSection
	GlobalSection(ProjectConfigurationPlatforms) = postSolution
		{9C013C6E-F3C0-43FB-A03D-C397F5FD439A}.Ad-Hoc|Any CPU.ActiveCfg = Release|Any CPU
		{9C013C6E-F3C0-43FB-A03D-C397F5FD439A}.Ad-Hoc|Any CPU.Build.0 = Release|Any CPU
		{9C013C6E-F3C0-43FB-A03D-C397F5FD439A}.Ad-Hoc|Any CPU.Deploy.0 = Release|Any CPU
		{9C013C6E-F3C0-43FB-A03D-C397F5FD439A}.Ad-Hoc|iPhone.ActiveCfg = Release|Any CPU
		{9C013C6E-F3C0-43FB-A03D-C397F5FD439A}.Ad-Hoc|iPhone.Build.0 = Release|Any CPU
		{9C013C6E-F3C0-43FB-A03D-C397F5FD439A}.Ad-Hoc|iPhone.Deploy.0 = Release|Any CPU
		{9C013C6E-F3C0-43FB-A03D-C397F5FD439A}.Ad-Hoc|iPhoneSimulator.ActiveCfg = Release|Any CPU
		{9C013C6E-F3C0-43FB-A03D-C397F5FD439A}.Ad-Hoc|iPhoneSimulator.Build.0 = Release|Any CPU
		{9C013C6E-F3C0-43FB-A03D-C397F5FD439A}.Ad-Hoc|iPhoneSimulator.Deploy.0 = Release|Any CPU
		{9C013C6E-F3C0-43FB-A03D-C397F5FD439A}.AppStore|Any CPU.ActiveCfg = Release|Any CPU
		{9C013C6E-F3C0-43FB-A03D-C397F5FD439A}.AppStore|Any CPU.Build.0 = Release|Any CPU
		{9C013C6E-F3C0-43FB-A03D-C397F5FD439A}.AppStore|Any CPU.Deploy.0 = Release|Any CPU
		{9C013C6E-F3C0-43FB-A03D-C397F5FD439A}.AppStore|iPhone.ActiveCfg = Release|Any CPU
		{9C013C6E-F3C0-43FB-A03D-C397F5FD439A}.AppStore|iPhone.Build.0 = Release|Any CPU
		{9C013C6E-F3C0-43FB-A03D-C397F5FD439A}.AppStore|iPhone.Deploy.0 = Release|Any CPU
		{9C013C6E-F3C0-43FB-A03D-C397F5FD439A}.AppStore|iPhoneSimulator.ActiveCfg = Release|Any CPU
		{9C013C6E-F3C0-43FB-A03D-C397F5FD439A}.AppStore|iPhoneSimulator.Build.0 = Release|Any CPU
		{9C013C6E-F3C0-43FB-A03D-C397F5FD439A}.AppStore|iPhoneSimulator.Deploy.0 = Release|Any CPU
		{9C013C6E-F3C0-43FB-A03D-C397F5FD439A}.Debug|Any CPU.ActiveCfg = Debug|Any CPU
		{9C013C6E-F3C0-43FB-A03D-C397F5FD439A}.Debug|Any CPU.Build.0 = Debug|Any CPU
		{9C013C6E-F3C0-43FB-A03D-C397F5FD439A}.Debug|Any CPU.Deploy.0 = Debug|Any CPU
		{9C013C6E-F3C0-43FB-A03D-C397F5FD439A}.Debug|iPhone.ActiveCfg = Debug|Any CPU
		{9C013C6E-F3C0-43FB-A03D-C397F5FD439A}.Debug|iPhone.Build.0 = Debug|Any CPU
		{9C013C6E-F3C0-43FB-A03D-C397F5FD439A}.Debug|iPhone.Deploy.0 = Debug|Any CPU
		{9C013C6E-F3C0-43FB-A03D-C397F5FD439A}.Debug|iPhoneSimulator.ActiveCfg = Debug|Any CPU
		{9C013C6E-F3C0-43FB-A03D-C397F5FD439A}.Debug|iPhoneSimulator.Build.0 = Debug|Any CPU
		{9C013C6E-F3C0-43FB-A03D-C397F5FD439A}.Debug|iPhoneSimulator.Deploy.0 = Debug|Any CPU
		{9C013C6E-F3C0-43FB-A03D-C397F5FD439A}.Release|Any CPU.ActiveCfg = Release|Any CPU
		{9C013C6E-F3C0-43FB-A03D-C397F5FD439A}.Release|Any CPU.Build.0 = Release|Any CPU
		{9C013C6E-F3C0-43FB-A03D-C397F5FD439A}.Release|Any CPU.Deploy.0 = Release|Any CPU
		{9C013C6E-F3C0-43FB-A03D-C397F5FD439A}.Release|iPhone.ActiveCfg = Release|Any CPU
		{9C013C6E-F3C0-43FB-A03D-C397F5FD439A}.Release|iPhone.Build.0 = Release|Any CPU
		{9C013C6E-F3C0-43FB-A03D-C397F5FD439A}.Release|iPhone.Deploy.0 = Release|Any CPU
		{9C013C6E-F3C0-43FB-A03D-C397F5FD439A}.Release|iPhoneSimulator.ActiveCfg = Release|Any CPU
		{9C013C6E-F3C0-43FB-A03D-C397F5FD439A}.Release|iPhoneSimulator.Build.0 = Release|Any CPU
		{9C013C6E-F3C0-43FB-A03D-C397F5FD439A}.Release|iPhoneSimulator.Deploy.0 = Release|Any CPU
		{D2465117-F289-4CE2-BA57-39E82E9753EA}.Ad-Hoc|Any CPU.ActiveCfg = Ad-Hoc|iPhone
		{D2465117-F289-4CE2-BA57-39E82E9753EA}.Ad-Hoc|Any CPU.Build.0 = Ad-Hoc|iPhone
		{D2465117-F289-4CE2-BA57-39E82E9753EA}.Ad-Hoc|Any CPU.Deploy.0 = Ad-Hoc|iPhone
		{D2465117-F289-4CE2-BA57-39E82E9753EA}.Ad-Hoc|iPhone.ActiveCfg = Ad-Hoc|iPhone
		{D2465117-F289-4CE2-BA57-39E82E9753EA}.Ad-Hoc|iPhone.Build.0 = Ad-Hoc|iPhone
		{D2465117-F289-4CE2-BA57-39E82E9753EA}.Ad-Hoc|iPhone.Deploy.0 = Ad-Hoc|iPhone
		{D2465117-F289-4CE2-BA57-39E82E9753EA}.Ad-Hoc|iPhoneSimulator.ActiveCfg = Ad-Hoc|iPhoneSimulator
		{D2465117-F289-4CE2-BA57-39E82E9753EA}.Ad-Hoc|iPhoneSimulator.Build.0 = Ad-Hoc|iPhoneSimulator
		{D2465117-F289-4CE2-BA57-39E82E9753EA}.Ad-Hoc|iPhoneSimulator.Deploy.0 = Ad-Hoc|iPhoneSimulator
		{D2465117-F289-4CE2-BA57-39E82E9753EA}.AppStore|Any CPU.ActiveCfg = AppStore|iPhone
		{D2465117-F289-4CE2-BA57-39E82E9753EA}.AppStore|Any CPU.Build.0 = AppStore|iPhone
		{D2465117-F289-4CE2-BA57-39E82E9753EA}.AppStore|Any CPU.Deploy.0 = AppStore|iPhone
		{D2465117-F289-4CE2-BA57-39E82E9753EA}.AppStore|iPhone.ActiveCfg = AppStore|iPhone
		{D2465117-F289-4CE2-BA57-39E82E9753EA}.AppStore|iPhone.Build.0 = AppStore|iPhone
		{D2465117-F289-4CE2-BA57-39E82E9753EA}.AppStore|iPhone.Deploy.0 = AppStore|iPhone
		{D2465117-F289-4CE2-BA57-39E82E9753EA}.AppStore|iPhoneSimulator.ActiveCfg = AppStore|iPhoneSimulator
		{D2465117-F289-4CE2-BA57-39E82E9753EA}.AppStore|iPhoneSimulator.Build.0 = AppStore|iPhoneSimulator
		{D2465117-F289-4CE2-BA57-39E82E9753EA}.AppStore|iPhoneSimulator.Deploy.0 = AppStore|iPhoneSimulator
		{D2465117-F289-4CE2-BA57-39E82E9753EA}.Debug|Any CPU.ActiveCfg = Debug|iPhoneSimulator
		{D2465117-F289-4CE2-BA57-39E82E9753EA}.Debug|Any CPU.Build.0 = Debug|iPhoneSimulator
		{D2465117-F289-4CE2-BA57-39E82E9753EA}.Debug|Any CPU.Deploy.0 = Debug|iPhoneSimulator
		{D2465117-F289-4CE2-BA57-39E82E9753EA}.Debug|iPhone.ActiveCfg = Debug|iPhone
		{D2465117-F289-4CE2-BA57-39E82E9753EA}.Debug|iPhone.Build.0 = Debug|iPhone
		{D2465117-F289-4CE2-BA57-39E82E9753EA}.Debug|iPhone.Deploy.0 = Debug|iPhone
		{D2465117-F289-4CE2-BA57-39E82E9753EA}.Debug|iPhoneSimulator.ActiveCfg = Debug|iPhoneSimulator
		{D2465117-F289-4CE2-BA57-39E82E9753EA}.Debug|iPhoneSimulator.Build.0 = Debug|iPhoneSimulator
		{D2465117-F289-4CE2-BA57-39E82E9753EA}.Debug|iPhoneSimulator.Deploy.0 = Debug|iPhoneSimulator
		{D2465117-F289-4CE2-BA57-39E82E9753EA}.Release|Any CPU.ActiveCfg = Release|iPhone
		{D2465117-F289-4CE2-BA57-39E82E9753EA}.Release|Any CPU.Build.0 = Release|iPhone
		{D2465117-F289-4CE2-BA57-39E82E9753EA}.Release|Any CPU.Deploy.0 = Release|iPhone
		{D2465117-F289-4CE2-BA57-39E82E9753EA}.Release|iPhone.ActiveCfg = Release|iPhone
		{D2465117-F289-4CE2-BA57-39E82E9753EA}.Release|iPhone.Build.0 = Release|iPhone
		{D2465117-F289-4CE2-BA57-39E82E9753EA}.Release|iPhone.Deploy.0 = Release|iPhone
		{D2465117-F289-4CE2-BA57-39E82E9753EA}.Release|iPhoneSimulator.ActiveCfg = Release|iPhoneSimulator
		{D2465117-F289-4CE2-BA57-39E82E9753EA}.Release|iPhoneSimulator.Build.0 = Release|iPhoneSimulator
		{D2465117-F289-4CE2-BA57-39E82E9753EA}.Release|iPhoneSimulator.Deploy.0 = Release|iPhoneSimulator
		{66EBE474-C09E-4FD3-A749-F362ADC5D589}.Ad-Hoc|Any CPU.ActiveCfg = Debug|Any CPU
		{66EBE474-C09E-4FD3-A749-F362ADC5D589}.Ad-Hoc|Any CPU.Build.0 = Debug|Any CPU
		{66EBE474-C09E-4FD3-A749-F362ADC5D589}.Ad-Hoc|Any CPU.Deploy.0 = Debug|Any CPU
		{66EBE474-C09E-4FD3-A749-F362ADC5D589}.Ad-Hoc|iPhone.ActiveCfg = Debug|Any CPU
		{66EBE474-C09E-4FD3-A749-F362ADC5D589}.Ad-Hoc|iPhone.Build.0 = Debug|Any CPU
		{66EBE474-C09E-4FD3-A749-F362ADC5D589}.Ad-Hoc|iPhone.Deploy.0 = Debug|Any CPU
		{66EBE474-C09E-4FD3-A749-F362ADC5D589}.Ad-Hoc|iPhoneSimulator.ActiveCfg = Debug|Any CPU
		{66EBE474-C09E-4FD3-A749-F362ADC5D589}.Ad-Hoc|iPhoneSimulator.Build.0 = Debug|Any CPU
		{66EBE474-C09E-4FD3-A749-F362ADC5D589}.Ad-Hoc|iPhoneSimulator.Deploy.0 = Debug|Any CPU
		{66EBE474-C09E-4FD3-A749-F362ADC5D589}.AppStore|Any CPU.ActiveCfg = Debug|Any CPU
		{66EBE474-C09E-4FD3-A749-F362ADC5D589}.AppStore|Any CPU.Build.0 = Debug|Any CPU
		{66EBE474-C09E-4FD3-A749-F362ADC5D589}.AppStore|Any CPU.Deploy.0 = Debug|Any CPU
		{66EBE474-C09E-4FD3-A749-F362ADC5D589}.AppStore|iPhone.ActiveCfg = Debug|Any CPU
		{66EBE474-C09E-4FD3-A749-F362ADC5D589}.AppStore|iPhone.Build.0 = Debug|Any CPU
		{66EBE474-C09E-4FD3-A749-F362ADC5D589}.AppStore|iPhone.Deploy.0 = Debug|Any CPU
		{66EBE474-C09E-4FD3-A749-F362ADC5D589}.AppStore|iPhoneSimulator.ActiveCfg = Debug|Any CPU
		{66EBE474-C09E-4FD3-A749-F362ADC5D589}.AppStore|iPhoneSimulator.Build.0 = Debug|Any CPU
		{66EBE474-C09E-4FD3-A749-F362ADC5D589}.AppStore|iPhoneSimulator.Deploy.0 = Debug|Any CPU
		{66EBE474-C09E-4FD3-A749-F362ADC5D589}.Debug|Any CPU.ActiveCfg = Debug|Any CPU
		{66EBE474-C09E-4FD3-A749-F362ADC5D589}.Debug|Any CPU.Build.0 = Debug|Any CPU
		{66EBE474-C09E-4FD3-A749-F362ADC5D589}.Debug|Any CPU.Deploy.0 = Debug|Any CPU
		{66EBE474-C09E-4FD3-A749-F362ADC5D589}.Debug|iPhone.ActiveCfg = Debug|Any CPU
		{66EBE474-C09E-4FD3-A749-F362ADC5D589}.Debug|iPhone.Build.0 = Debug|Any CPU
		{66EBE474-C09E-4FD3-A749-F362ADC5D589}.Debug|iPhone.Deploy.0 = Debug|Any CPU
		{66EBE474-C09E-4FD3-A749-F362ADC5D589}.Debug|iPhoneSimulator.ActiveCfg = Debug|Any CPU
		{66EBE474-C09E-4FD3-A749-F362ADC5D589}.Debug|iPhoneSimulator.Build.0 = Debug|Any CPU
		{66EBE474-C09E-4FD3-A749-F362ADC5D589}.Debug|iPhoneSimulator.Deploy.0 = Debug|Any CPU
		{66EBE474-C09E-4FD3-A749-F362ADC5D589}.Release|Any CPU.ActiveCfg = Release|Any CPU
		{66EBE474-C09E-4FD3-A749-F362ADC5D589}.Release|Any CPU.Build.0 = Release|Any CPU
		{66EBE474-C09E-4FD3-A749-F362ADC5D589}.Release|Any CPU.Deploy.0 = Release|Any CPU
		{66EBE474-C09E-4FD3-A749-F362ADC5D589}.Release|iPhone.ActiveCfg = Release|Any CPU
		{66EBE474-C09E-4FD3-A749-F362ADC5D589}.Release|iPhone.Build.0 = Release|Any CPU
		{66EBE474-C09E-4FD3-A749-F362ADC5D589}.Release|iPhone.Deploy.0 = Release|Any CPU
		{66EBE474-C09E-4FD3-A749-F362ADC5D589}.Release|iPhoneSimulator.ActiveCfg = Release|Any CPU
		{66EBE474-C09E-4FD3-A749-F362ADC5D589}.Release|iPhoneSimulator.Build.0 = Release|Any CPU
		{66EBE474-C09E-4FD3-A749-F362ADC5D589}.Release|iPhoneSimulator.Deploy.0 = Release|Any CPU
	EndGlobalSection
	GlobalSection(SolutionProperties) = preSolution
		HideSolutionNode = FALSE
	EndGlobalSection
	GlobalSection(ExtensibilityGlobals) = postSolution
		SolutionGuid = {F7C98B0C-6F00-4396-85E1-160468E89A4C}
	EndGlobalSection
EndGlobal
